
Microsoft Visual Studio Solution File, Format Version 12.00
# Visual Studio Version 16
VisualStudioVersion = 16.0.31129.286
MinimumVisualStudioVersion = 10.0.40219.1
Project("{9A19103F-16F7-4668-BE54-9A1E7A4F7556}") = "AnnoFurionService", "AnnoFurionService\AnnoFurionService.csproj", "{5D6000E0-077B-43A6-9DBB-1235B8718FF4}"
EndProject
Project("{2150E333-8FDC-42A3-9474-1A3956D46DE8}") = "Plugs", "Plugs", "{A2C1D9C7-0AC3-440A-A885-D7B37B1FBC8B}"
EndProject
Project("{9A19103F-16F7-4668-BE54-9A1E7A4F7556}") = "Anno.Plugs.HelloWorldService", "..\..\Plugs\Anno.Plugs.HelloWorldService\Anno.Plugs.HelloWorldService.csproj", "{8153B6D2-10B1-4145-9E28-57F36505C8A2}"
EndProject
Project("{9A19103F-16F7-4668-BE54-9A1E7A4F7556}") = "Anno.Furion", "Anno.Furion\Anno.Furion.csproj", "{ECED4968-1163-4ACE-841B-2BFCE32F3102}"
EndProject
Project("{9A19103F-16F7-4668-BE54-9A1E7A4F7556}") = "SamplesCenter", "..\..\SamplesCenter\SamplesCenter\SamplesCenter.csproj", "{20C00F95-8BD6-454C-9A70-04902B90D142}"
EndProject
Project("{9A19103F-16F7-4668-BE54-9A1E7A4F7556}") = "Furion.Application", "Furion.Application\Furion.Application.csproj", "{557ED30A-6AAE-4996-9BA7-08069F4C156C}"
EndProject
Project("{2150E333-8FDC-42A3-9474-1A3956D46DE8}") = "Anno", "Anno", "{E84146B5-8B6F-41D4-92EA-4551ECC091B2}"
EndProject
Project("{9A19103F-16F7-4668-BE54-9A1E7A4F7556}") = "Anno.Plugs.CurrentLimitingService", "..\..\Plugs\Anno.Plugs.CurrentLimitingService\Anno.Plugs.CurrentLimitingService.csproj", "{9FE4D399-E387-42BC-8A79-141509D18528}"
EndProject
Global
	GlobalSection(SolutionConfigurationPlatforms) = preSolution
		Debug|Any CPU = Debug|Any CPU
		Release|Any CPU = Release|Any CPU
	EndGlobalSection
	GlobalSection(ProjectConfigurationPlatforms) = postSolution
		{5D6000E0-077B-43A6-9DBB-1235B8718FF4}.Debug|Any CPU.ActiveCfg = Debug|Any CPU
		{5D6000E0-077B-43A6-9DBB-1235B8718FF4}.Debug|Any CPU.Build.0 = Debug|Any CPU
		{5D6000E0-077B-43A6-9DBB-1235B8718FF4}.Release|Any CPU.ActiveCfg = Release|Any CPU
		{5D6000E0-077B-43A6-9DBB-1235B8718FF4}.Release|Any CPU.Build.0 = Release|Any CPU
		{8153B6D2-10B1-4145-9E28-57F36505C8A2}.Debug|Any CPU.ActiveCfg = Debug|Any CPU
		{8153B6D2-10B1-4145-9E28-57F36505C8A2}.Debug|Any CPU.Build.0 = Debug|Any CPU
		{8153B6D2-10B1-4145-9E28-57F36505C8A2}.Release|Any CPU.ActiveCfg = Release|Any CPU
		{8153B6D2-10B1-4145-9E28-57F36505C8A2}.Release|Any CPU.Build.0 = Release|Any CPU
		{ECED4968-1163-4ACE-841B-2BFCE32F3102}.Debug|Any CPU.ActiveCfg = Debug|Any CPU
		{ECED4968-1163-4ACE-841B-2BFCE32F3102}.Debug|Any CPU.Build.0 = Debug|Any CPU
		{ECED4968-1163-4ACE-841B-2BFCE32F3102}.Release|Any CPU.ActiveCfg = Release|Any CPU
		{ECED4968-1163-4ACE-841B-2BFCE32F3102}.Release|Any CPU.Build.0 = Release|Any CPU
		{20C00F95-8BD6-454C-9A70-04902B90D142}.Debug|Any CPU.ActiveCfg = Debug|Any CPU
		{20C00F95-8BD6-454C-9A70-04902B90D142}.Debug|Any CPU.Build.0 = Debug|Any CPU
		{20C00F95-8BD6-454C-9A70-04902B90D142}.Release|Any CPU.ActiveCfg = Release|Any CPU
		{20C00F95-8BD6-454C-9A70-04902B90D142}.Release|Any CPU.Build.0 = Release|Any CPU
		{557ED30A-6AAE-4996-9BA7-08069F4C156C}.Debug|Any CPU.ActiveCfg = Debug|Any CPU
		{557ED30A-6AAE-4996-9BA7-08069F4C156C}.Debug|Any CPU.Build.0 = Debug|Any CPU
		{557ED30A-6AAE-4996-9BA7-08069F4C156C}.Release|Any CPU.ActiveCfg = Release|Any CPU
		{557ED30A-6AAE-4996-9BA7-08069F4C156C}.Release|Any CPU.Build.0 = Release|Any CPU
		{9FE4D399-E387-42BC-8A79-141509D18528}.Debug|Any CPU.ActiveCfg = Debug|Any CPU
		{9FE4D399-E387-42BC-8A79-141509D18528}.Debug|Any CPU.Build.0 = Debug|Any CPU
		{9FE4D399-E387-42BC-8A79-141509D18528}.Release|Any CPU.ActiveCfg = Release|Any CPU
		{9FE4D399-E387-42BC-8A79-141509D18528}.Release|Any CPU.Build.0 = Release|Any CPU
	EndGlobalSection
	GlobalSection(SolutionProperties) = preSolution
		HideSolutionNode = FALSE
	EndGlobalSection
	GlobalSection(NestedProjects) = preSolution
		{5D6000E0-077B-43A6-9DBB-1235B8718FF4} = {E84146B5-8B6F-41D4-92EA-4551ECC091B2}
		{8153B6D2-10B1-4145-9E28-57F36505C8A2} = {A2C1D9C7-0AC3-440A-A885-D7B37B1FBC8B}
		{20C00F95-8BD6-454C-9A70-04902B90D142} = {E84146B5-8B6F-41D4-92EA-4551ECC091B2}
		{9FE4D399-E387-42BC-8A79-141509D18528} = {A2C1D9C7-0AC3-440A-A885-D7B37B1FBC8B}
	EndGlobalSection
	GlobalSection(ExtensibilityGlobals) = postSolution
		SolutionGuid = {0DE13EDA-D6AB-478B-A37E-AA49BA20AA8D}
	EndGlobalSection
EndGlobal
