
Microsoft Visual Studio Solution File, Format Version 12.00
# Visual Studio Version 17
VisualStudioVersion = 17.0.31410.414
MinimumVisualStudioVersion = 10.0.40219.1
Project("{9A19103F-16F7-4668-BE54-9A1E7A4F7556}") = "SamplesService", "SamplesService\SamplesService.csproj", "{3C59CCA5-FB51-4625-B842-4F26E4562CF4}"
EndProject
Project("{9A19103F-16F7-4668-BE54-9A1E7A4F7556}") = "Anno.Plugs.HelloWorldService", "..\Plugs\Anno.Plugs.HelloWorldService\Anno.Plugs.HelloWorldService.csproj", "{6B0043CF-7000-4461-827E-7A3DA17194A6}"
EndProject
Project("{9A19103F-16F7-4668-BE54-9A1E7A4F7556}") = "SamplesCenter", "..\SamplesCenter\SamplesCenter\SamplesCenter.csproj", "{5685E6F8-6AA6-4EF0-A729-C696CB54020A}"
EndProject
Project("{9A19103F-16F7-4668-BE54-9A1E7A4F7556}") = "ConsoleClient", "..\SamplesConsoleClient\ConsoleClient\ConsoleClient.csproj", "{E7026184-8CFE-4AB1-A474-5BB3C5B64666}"
EndProject
Project("{9A19103F-16F7-4668-BE54-9A1E7A4F7556}") = "SamplesWinService", "SamplesWinService\SamplesWinService.csproj", "{A022ED76-4CE0-4DC1-B8A7-5E61D59A8A8B}"
EndProject
Project("{9A19103F-16F7-4668-BE54-9A1E7A4F7556}") = "Anno.Plugs.CurrentLimitingService", "..\Plugs\Anno.Plugs.CurrentLimitingService\Anno.Plugs.CurrentLimitingService.csproj", "{6BBD879B-B2F5-444E-BE4D-D598067254AF}"
EndProject
Global
	GlobalSection(SolutionConfigurationPlatforms) = preSolution
		Debug|Any CPU = Debug|Any CPU
		Release|Any CPU = Release|Any CPU
	EndGlobalSection
	GlobalSection(ProjectConfigurationPlatforms) = postSolution
		{3C59CCA5-FB51-4625-B842-4F26E4562CF4}.Debug|Any CPU.ActiveCfg = Debug|Any CPU
		{3C59CCA5-FB51-4625-B842-4F26E4562CF4}.Debug|Any CPU.Build.0 = Debug|Any CPU
		{3C59CCA5-FB51-4625-B842-4F26E4562CF4}.Release|Any CPU.ActiveCfg = Release|Any CPU
		{3C59CCA5-FB51-4625-B842-4F26E4562CF4}.Release|Any CPU.Build.0 = Release|Any CPU
		{6B0043CF-7000-4461-827E-7A3DA17194A6}.Debug|Any CPU.ActiveCfg = Debug|Any CPU
		{6B0043CF-7000-4461-827E-7A3DA17194A6}.Debug|Any CPU.Build.0 = Debug|Any CPU
		{6B0043CF-7000-4461-827E-7A3DA17194A6}.Release|Any CPU.ActiveCfg = Release|Any CPU
		{6B0043CF-7000-4461-827E-7A3DA17194A6}.Release|Any CPU.Build.0 = Release|Any CPU
		{5685E6F8-6AA6-4EF0-A729-C696CB54020A}.Debug|Any CPU.ActiveCfg = Debug|Any CPU
		{5685E6F8-6AA6-4EF0-A729-C696CB54020A}.Debug|Any CPU.Build.0 = Debug|Any CPU
		{5685E6F8-6AA6-4EF0-A729-C696CB54020A}.Release|Any CPU.ActiveCfg = Release|Any CPU
		{5685E6F8-6AA6-4EF0-A729-C696CB54020A}.Release|Any CPU.Build.0 = Release|Any CPU
		{E7026184-8CFE-4AB1-A474-5BB3C5B64666}.Debug|Any CPU.ActiveCfg = Debug|Any CPU
		{E7026184-8CFE-4AB1-A474-5BB3C5B64666}.Debug|Any CPU.Build.0 = Debug|Any CPU
		{E7026184-8CFE-4AB1-A474-5BB3C5B64666}.Release|Any CPU.ActiveCfg = Release|Any CPU
		{E7026184-8CFE-4AB1-A474-5BB3C5B64666}.Release|Any CPU.Build.0 = Release|Any CPU
		{A022ED76-4CE0-4DC1-B8A7-5E61D59A8A8B}.Debug|Any CPU.ActiveCfg = Debug|Any CPU
		{A022ED76-4CE0-4DC1-B8A7-5E61D59A8A8B}.Debug|Any CPU.Build.0 = Debug|Any CPU
		{A022ED76-4CE0-4DC1-B8A7-5E61D59A8A8B}.Release|Any CPU.ActiveCfg = Release|Any CPU
		{A022ED76-4CE0-4DC1-B8A7-5E61D59A8A8B}.Release|Any CPU.Build.0 = Release|Any CPU
		{6BBD879B-B2F5-444E-BE4D-D598067254AF}.Debug|Any CPU.ActiveCfg = Debug|Any CPU
		{6BBD879B-B2F5-444E-BE4D-D598067254AF}.Debug|Any CPU.Build.0 = Debug|Any CPU
		{6BBD879B-B2F5-444E-BE4D-D598067254AF}.Release|Any CPU.ActiveCfg = Release|Any CPU
		{6BBD879B-B2F5-444E-BE4D-D598067254AF}.Release|Any CPU.Build.0 = Release|Any CPU
	EndGlobalSection
	GlobalSection(SolutionProperties) = preSolution
		HideSolutionNode = FALSE
	EndGlobalSection
	GlobalSection(ExtensibilityGlobals) = postSolution
		SolutionGuid = {9E178FAC-E69C-4E3F-A97B-DD4C838A0600}
	EndGlobalSection
EndGlobal
